{
  "name": "scuttlespace-service-common",
  "version": "0.0.8",
  "lockfileVersion": 1,
  "requires": true,
  "dependencies": {
    "@types/node": {
      "version": "10.5.7",
      "resolved": "https://registry.npmjs.org/@types/node/-/node-10.5.7.tgz",
      "integrity": "sha512-VkKcfuitP+Nc/TaTFH0B8qNmn+6NbI6crLkQonbedViVz7O2w8QV/GERPlkJ4bg42VGHiEWa31CoTOPs1q6z1w=="
    },
    "standard-api": {
      "version": "0.0.3",
      "resolved": "https://registry.npmjs.org/standard-api/-/standard-api-0.0.3.tgz",
      "integrity": "sha512-OGlpOv2vAKWwN3onM2z55vR9yvj6sfbm2ofqwqeAmHUv0q9RsfX6c6yo5IKQtjOTRtllEm+iPzNJyR3Av/RQ0Q=="
    }
  }
}
